
Microsoft Visual Studio Solution File, Format Version 12.00
# Visual Studio Version 17
VisualStudioVersion = 17.3.32922.545
MinimumVisualStudioVersion = 10.0.40219.1
Project("{FAE04EC0-301F-11D3-BF4B-00C04F79EFBC}") = "ShopDB", "ShopDB\ShopDB.csproj", "{F84FBF0C-1544-4BF7-BEBA-9B178FC0567F}"
EndProject
Global
	GlobalSection(SolutionConfigurationPlatforms) = preSolution
		Debug|Any CPU = Debug|Any CPU
		Release|Any CPU = Release|Any CPU
	EndGlobalSection
	GlobalSection(ProjectConfigurationPlatforms) = postSolution
		{F84FBF0C-1544-4BF7-BEBA-9B178FC0567F}.Debug|Any CPU.ActiveCfg = Debug|Any CPU
		{F84FBF0C-1544-4BF7-BEBA-9B178FC0567F}.Debug|Any CPU.Build.0 = Debug|Any CPU
		{F84FBF0C-1544-4BF7-BEBA-9B178FC0567F}.Release|Any CPU.ActiveCfg = Release|Any CPU
		{F84FBF0C-1544-4BF7-BEBA-9B178FC0567F}.Release|Any CPU.Build.0 = Release|Any CPU
	EndGlobalSection
	GlobalSection(SolutionProperties) = preSolution
		HideSolutionNode = FALSE
	EndGlobalSection
	GlobalSection(ExtensibilityGlobals) = postSolution
		SolutionGuid = {8C89714D-11AE-486C-A9E0-43550C1AF452}
	EndGlobalSection
EndGlobal
